
Microsoft Visual Studio Solution File, Format Version 12.00
# Visual Studio Version 16
VisualStudioVersion = 16.0.31205.134
MinimumVisualStudioVersion = 10.0.40219.1
Project("{FAE04EC0-301F-11D3-BF4B-00C04F79EFBC}") = "InvokeDelegateProgram", "InvokeDelegateProgram\InvokeDelegateProgram.csproj", "{C95899CE-CB01-4DA1-B1D6-B008D972E800}"
EndProject
Global
	GlobalSection(SolutionConfigurationPlatforms) = preSolution
		Debug|Any CPU = Debug|Any CPU
		Release|Any CPU = Release|Any CPU
	EndGlobalSection
	GlobalSection(ProjectConfigurationPlatforms) = postSolution
		{C95899CE-CB01-4DA1-B1D6-B008D972E800}.Debug|Any CPU.ActiveCfg = Debug|Any CPU
		{C95899CE-CB01-4DA1-B1D6-B008D972E800}.Debug|Any CPU.Build.0 = Debug|Any CPU
		{C95899CE-CB01-4DA1-B1D6-B008D972E800}.Release|Any CPU.ActiveCfg = Release|Any CPU
		{C95899CE-CB01-4DA1-B1D6-B008D972E800}.Release|Any CPU.Build.0 = Release|Any CPU
	EndGlobalSection
	GlobalSection(SolutionProperties) = preSolution
		HideSolutionNode = FALSE
	EndGlobalSection
	GlobalSection(ExtensibilityGlobals) = postSolution
		SolutionGuid = {2C3FFB72-46E2-4904-85F5-215C7AD153F6}
	EndGlobalSection
EndGlobal
